
Microsoft Visual Studio Solution File, Format Version 12.00
# Visual Studio 15
VisualStudioVersion = 15.0.26430.13
MinimumVisualStudioVersion = 10.0.40219.1
Project("{FAE04EC0-301F-11D3-BF4B-00C04F79EFBC}") = "HostApp", "HostAll\HostApp.csproj", "{AC8C5E49-51F7-442A-8B11-16365F86C879}"
EndProject
Project("{FAE04EC0-301F-11D3-BF4B-00C04F79EFBC}") = "ClockClient", "ClockClient\ClockClient.csproj", "{5BECF0EE-D018-4864-99CB-4D0CAA31E9B7}"
EndProject
Global
	GlobalSection(SolutionConfigurationPlatforms) = preSolution
		Debug|Any CPU = Debug|Any CPU
		Release|Any CPU = Release|Any CPU
	EndGlobalSection
	GlobalSection(ProjectConfigurationPlatforms) = postSolution
		{AC8C5E49-51F7-442A-8B11-16365F86C879}.Debug|Any CPU.ActiveCfg = Debug|Any CPU
		{AC8C5E49-51F7-442A-8B11-16365F86C879}.Debug|Any CPU.Build.0 = Debug|Any CPU
		{AC8C5E49-51F7-442A-8B11-16365F86C879}.Release|Any CPU.ActiveCfg = Release|Any CPU
		{AC8C5E49-51F7-442A-8B11-16365F86C879}.Release|Any CPU.Build.0 = Release|Any CPU
		{5BECF0EE-D018-4864-99CB-4D0CAA31E9B7}.Debug|Any CPU.ActiveCfg = Debug|Any CPU
		{5BECF0EE-D018-4864-99CB-4D0CAA31E9B7}.Debug|Any CPU.Build.0 = Debug|Any CPU
		{5BECF0EE-D018-4864-99CB-4D0CAA31E9B7}.Release|Any CPU.ActiveCfg = Release|Any CPU
		{5BECF0EE-D018-4864-99CB-4D0CAA31E9B7}.Release|Any CPU.Build.0 = Release|Any CPU
	EndGlobalSection
	GlobalSection(SolutionProperties) = preSolution
		HideSolutionNode = FALSE
	EndGlobalSection
EndGlobal
